
Microsoft Visual Studio Solution File, Format Version 12.00
# Visual Studio Version 17
VisualStudioVersion = 17.5.002.0
MinimumVisualStudioVersion = 10.0.40219.1
Project("{9A19103F-16F7-4668-BE54-9A1E7A4F7556}") = "Exo.WebApi", "Exo.WebApi.csproj", "{FA8F419E-B9AF-4D69-874F-15484F630084}"
EndProject
Global
	GlobalSection(SolutionConfigurationPlatforms) = preSolution
		Debug|Any CPU = Debug|Any CPU
		Release|Any CPU = Release|Any CPU
	EndGlobalSection
	GlobalSection(ProjectConfigurationPlatforms) = postSolution
		{FA8F419E-B9AF-4D69-874F-15484F630084}.Debug|Any CPU.ActiveCfg = Debug|Any CPU
		{FA8F419E-B9AF-4D69-874F-15484F630084}.Debug|Any CPU.Build.0 = Debug|Any CPU
		{FA8F419E-B9AF-4D69-874F-15484F630084}.Release|Any CPU.ActiveCfg = Release|Any CPU
		{FA8F419E-B9AF-4D69-874F-15484F630084}.Release|Any CPU.Build.0 = Release|Any CPU
	EndGlobalSection
	GlobalSection(SolutionProperties) = preSolution
		HideSolutionNode = FALSE
	EndGlobalSection
	GlobalSection(ExtensibilityGlobals) = postSolution
		SolutionGuid = {6E61BE84-5DDA-4414-A000-F43674947C76}
	EndGlobalSection
EndGlobal
